{
  "name": "pressure-case-fleet-table",
  "version": "0.0.0",
  "lockfileVersion": 3,
  "requires": true,
  "packages": {
    "": {
      "name": "pressure-case-fleet-table",
      "version": "0.0.0",
      "dependencies": {
        "@cloudscape-design/components": "^3.0.900",
        "@cloudscape-design/collection-hooks": "^1.0.60",
        "@cloudscape-design/global-styles": "^1.0.45",
        "react": "^18.2.0",
        "react-dom": "^18.2.0",
        "react-router": "^6.23.0"
      }
    },
    "node_modules/@cloudscape-design/components": {
      "version": "3.0.900",
      "resolved": "https://registry.npmjs.org/@cloudscape-design/components/-/components-3.0.900.tgz"
    },
    "node_modules/@cloudscape-design/collection-hooks": {
      "version": "1.0.60",
      "resolved": "https://registry.npmjs.org/@cloudscape-design/collection-hooks/-/collection-hooks-1.0.60.tgz"
    },
    "node_modules/@cloudscape-design/global-styles": {
      "version": "1.0.45",
      "resolved": "https://registry.npmjs.org/@cloudscape-design/global-styles/-/global-styles-1.0.45.tgz"
    },
    "node_modules/react": {
      "version": "18.2.0",
      "resolved": "https://registry.npmjs.org/react/-/react-18.2.0.tgz"
    },
    "node_modules/react-dom": {
      "version": "18.2.0",
      "resolved": "https://registry.npmjs.org/react-dom/-/react-dom-18.2.0.tgz"
    },
    "node_modules/react-router": {
      "version": "6.23.0",
      "resolved": "https://registry.npmjs.org/react-router/-/react-router-6.23.0.tgz"
    }
  }
}
